// !$*UTF8*$!
{
	archiveVersion = 1;
	classes = {
	};
	objectVersion = 51;
	objects = {

/* Begin PBXBuildFile section */
		3364A6C6F2FB996C52C12B92 /* Pods_ActionsTest.framework in Frameworks */ = {isa = PBXBuildFile; fileRef = 0E6FDA1D832FA7A0A2B7C041 /* Pods_ActionsTest.framework */; };
		84C53FFD243E591700B73872 /* AppDelegate.swift in Sources */ = {isa = PBXBuildFile; fileRef = 84C53FFC243E591700B73872 /* AppDelegate.swift */; };
		84C53FFF243E591700B73872 /* SceneDelegate.swift in Sources */ = {isa = PBXBuildFile; fileRef = 84C53FFE243E591700B73872 /* SceneDelegate.swift */; };
		84C54001243E591700B73872 /* ViewController.swift in Sources */ = {isa = PBXBuildFile; fileRef = 84C54000243E591700B73872 /* ViewController.swift */; };
		84C54004243E591700B73872 /* Main.storyboard in Resources */ = {isa = PBXBuildFile; fileRef = 84C54002243E591700B73872 /* Main.storyboard */; };
		84C54006243E591800B73872 /* Assets.xcassets in Resources */ = {isa = PBXBuildFile; fileRef = 84C54005243E591800B73872 /* Assets.xcassets */; };
		84C54009243E591800B73872 /* LaunchScreen.storyboard in Resources */ = {isa = PBXBuildFile; fileRef = 84C54007243E591800B73872 /* LaunchScreen.storyboard */; };
		84C54011243E671B00B73872 /* exportOptions.plist in Resources */ = {isa = PBXBuildFile; fileRef = 84C54010243E671A00B73872 /* exportOptions.plist */; };
/* End PBXBuildFile section */

/* Begin PBXFileReference section */
		0E6FDA1D832FA7A0A2B7C041 /* Pods_ActionsTest.framework */ = {isa = PBXFileReference; explicitFileType = wrapper.framework; includeInIndex = 0; path = Pods_ActionsTest.framework; sourceTree = BUILT_PRODUCTS_DIR; };
		6D28AD60D350350DB901546B /* Pods-ActionsTest.release.xcconfig */ = {isa = PBXFileReference; includeInIndex = 1; lastKnownFileType = text.xcconfig; name = "Pods-ActionsTest.release.xcconfig"; path = "Target Support Files/Pods-ActionsTest/Pods-ActionsTest.release.xcconfig"; sourceTree = "<group>"; };
		84C53FF9243E591700B73872 /* ActionsTest.app */ = {isa = PBXFileReference; explicitFileType = wrapper.application; includeInIndex = 0; path = ActionsTest.app; sourceTree = BUILT_PRODUCTS_DIR; };
		84C53FFC243E591700B73872 /* AppDelegate.swift */ = {isa = PBXFileReference; lastKnownFileType = sourcecode.swift; path = AppDelegate.swift; sourceTree = "<group>"; };
		84C53FFE243E591700B73872 /* SceneDelegate.swift */ = {isa = PBXFileReference; lastKnownFileType = sourcecode.swift; path = SceneDelegate.swift; sourceTree = "<group>"; };
		84C54000243E591700B73872 /* ViewController.swift */ = {isa = PBXFileReference; lastKnownFileType = sourcecode.swift; path = ViewController.swift; sourceTree = "<group>"; };
		84C54003243E591700B73872 /* Base */ = {isa = PBXFileReference; lastKnownFileType = file.storyboard; name = Base; path = Base.lproj/Main.storyboard; sourceTree = "<group>"; };
		84C54005243E591800B73872 /* Assets.xcassets */ = {isa = PBXFileReference; lastKnownFileType = folder.assetcatalog; path = Assets.xcassets; sourceTree = "<group>"; };
		84C54008243E591800B73872 /* Base */ = {isa = PBXFileReference; lastKnownFileType = file.storyboard; name = Base; path = Base.lproj/LaunchScreen.storyboard; sourceTree = "<group>"; };
		84C5400A243E591800B73872 /* Info.plist */ = {isa = PBXFileReference; lastKnownFileType = text.plist.xml; path = Info.plist; sourceTree = "<group>"; };
		84C54010243E671A00B73872 /* exportOptions.plist */ = {isa = PBXFileReference; fileEncoding = 4; lastKnownFileType = text.plist.xml; path = exportOptions.plist; sourceTree = "<group>"; };
		8A372AC7C3D2908754CC4953 /* Pods-ActionsTest.debug.xcconfig */ = {isa = PBXFileReference; includeInIndex = 1; lastKnownFileType = text.xcconfig; name = "Pods-ActionsTest.debug.xcconfig"; path = "Target Support Files/Pods-ActionsTest/Pods-ActionsTest.debug.xcconfig"; sourceTree = "<group>"; };
/* End PBXFileReference section */

/* Begin PBXFrameworksBuildPhase section */
		84C53FF6243E591700B73872 /* Frameworks */ = {
			isa = PBXFrameworksBuildPhase;
			buildActionMask = 2147483647;
			files = (
				3364A6C6F2FB996C52C12B92 /* Pods_ActionsTest.framework in Frameworks */,
			);
			runOnlyForDeploymentPostprocessing = 0;
		};
/* End PBXFrameworksBuildPhase section */

/* Begin PBXGroup section */
		84C53FF0243E591700B73872 = {
			isa = PBXGroup;
			children = (
				84C53FFB243E591700B73872 /* ActionsTest */,
				84C53FFA243E591700B73872 /* Products */,
				C91734DD491CA86FB45862E0 /* Pods */,
				96AB58B7AE26B0B7A472A227 /* Frameworks */,
			);
			sourceTree = "<group>";
		};
		84C53FFA243E591700B73872 /* Products */ = {
			isa = PBXGroup;
			children = (
				84C53FF9243E591700B73872 /* ActionsTest.app */,
			);
			name = Products;
			sourceTree = "<group>";
		};
		84C53FFB243E591700B73872 /* ActionsTest */ = {
			isa = PBXGroup;
			children = (
				84C54010243E671A00B73872 /* exportOptions.plist */,
				84C53FFC243E591700B73872 /* AppDelegate.swift */,
				84C53FFE243E591700B73872 /* SceneDelegate.swift */,
				84C54000243E591700B73872 /* ViewController.swift */,
				84C54002243E591700B73872 /* Main.storyboard */,
				84C54005243E591800B73872 /* Assets.xcassets */,
				84C54007243E591800B73872 /* LaunchScreen.storyboard */,
				84C5400A243E591800B73872 /* Info.plist */,
			);
			path = ActionsTest;
			sourceTree = "<group>";
		};
		96AB58B7AE26B0B7A472A227 /* Frameworks */ = {
			isa = PBXGroup;
			children = (
				0E6FDA1D832FA7A0A2B7C041 /* Pods_ActionsTest.framework */,
			);
			name = Frameworks;
			sourceTree = "<group>";
		};
		C91734DD491CA86FB45862E0 /* Pods */ = {
			isa = PBXGroup;
			children = (
				8A372AC7C3D2908754CC4953 /* Pods-ActionsTest.debug.xcconfig */,
				6D28AD60D350350DB901546B /* Pods-ActionsTest.release.xcconfig */,
			);
			path = Pods;
			sourceTree = "<group>";
		};
/* End PBXGroup section */

/* Begin PBXNativeTarget section */
		84C53FF8243E591700B73872 /* ActionsTest */ = {
			isa = PBXNativeTarget;
			buildConfigurationList = 84C5400D243E591800B73872 /* Build configuration list for PBXNativeTarget "ActionsTest" */;
			buildPhases = (
				B77BF47C7E9D4B4DE8A62B24 /* [CP] Check Pods Manifest.lock */,
				84C53FF5243E591700B73872 /* Sources */,
				84C53FF6243E591700B73872 /* Frameworks */,
				84C53FF7243E591700B73872 /* Resources */,
				876E4ED1800A797664462F29 /* [CP] Embed Pods Frameworks */,
			);
			buildRules = (
			);
			dependencies = (
			);
			name = ActionsTest;
			productName = ActionsTest;
			productReference = 84C53FF9243E591700B73872 /* ActionsTest.app */;
			productType = "com.apple.product-type.application";
		};
/* End PBXNativeTarget section */

/* Begin PBXProject section */
		84C53FF1243E591700B73872 /* Project object */ = {
			isa = PBXProject;
			attributes = {
				LastSwiftUpdateCheck = 1120;
				LastUpgradeCheck = 1120;
				ORGANIZATIONNAME = Rocket;
				TargetAttributes = {
					84C53FF8243E591700B73872 = {
						CreatedOnToolsVersion = 11.2.1;
					};
				};
			};
			buildConfigurationList = 84C53FF4243E591700B73872 /* Build configuration list for PBXProject "ActionsTest" */;
			compatibilityVersion = "Xcode 9.3";
			developmentRegion = en;
			hasScannedForEncodings = 0;
			knownRegions = (
				en,
				Base,
			);
			mainGroup = 84C53FF0243E591700B73872;
			productRefGroup = 84C53FFA243E591700B73872 /* Products */;
			projectDirPath = "";
			projectRoot = "";
			targets = (
				84C53FF8243E591700B73872 /* ActionsTest */,
			);
		};
/* End PBXProject section */

/* Begin PBXResourcesBuildPhase section */
		84C53FF7243E591700B73872 /* Resources */ = {
			isa = PBXResourcesBuildPhase;
			buildActionMask = 2147483647;
			files = (
				84C54009243E591800B73872 /* LaunchScreen.storyboard in Resources */,
				84C54006243E591800B73872 /* Assets.xcassets in Resources */,
				84C54004243E591700B73872 /* Main.storyboard in Resources */,
				84C54011243E671B00B73872 /* exportOptions.plist in Resources */,
			);
			runOnlyForDeploymentPostprocessing = 0;
		};
/* End PBXResourcesBuildPhase section */

/* Begin PBXShellScriptBuildPhase section */
		876E4ED1800A797664462F29 /* [CP] Embed Pods Frameworks */ = {
			isa = PBXShellScriptBuildPhase;
			buildActionMask = 2147483647;
			files = (
			);
			inputFileListPaths = (
				"${PODS_ROOT}/Target Support Files/Pods-ActionsTest/Pods-ActionsTest-frameworks-${CONFIGURATION}-input-files.xcfilelist",
			);
			name = "[CP] Embed Pods Frameworks";
			outputFileListPaths = (
				"${PODS_ROOT}/Target Support Files/Pods-ActionsTest/Pods-ActionsTest-frameworks-${CONFIGURATION}-output-files.xcfilelist",
			);
			runOnlyForDeploymentPostprocessing = 0;
			shellPath = /bin/sh;
			shellScript = "\"${PODS_ROOT}/Target Support Files/Pods-ActionsTest/Pods-ActionsTest-frameworks.sh\"\n";
			showEnvVarsInLog = 0;
		};
		B77BF47C7E9D4B4DE8A62B24 /* [CP] Check Pods Manifest.lock */ = {
			isa = PBXShellScriptBuildPhase;
			buildActionMask = 2147483647;
			files = (
			);
			inputFileListPaths = (
			);
			inputPaths = (
				"${PODS_PODFILE_DIR_PATH}/Podfile.lock",
				"${PODS_ROOT}/Manifest.lock",
			);
			name = "[CP] Check Pods Manifest.lock";
			outputFileListPaths = (
			);
			outputPaths = (
				"$(DERIVED_FILE_DIR)/Pods-ActionsTest-checkManifestLockResult.txt",
			);
			runOnlyForDeploymentPostprocessing = 0;
			shellPath = /bin/sh;
			shellScript = "diff \"${PODS_PODFILE_DIR_PATH}/Podfile.lock\" \"${PODS_ROOT}/Manifest.lock\" > /dev/null\nif [ $? != 0 ] ; then\n    # print error to STDERR\n    echo \"error: The sandbox is not in sync with the Podfile.lock. Run 'pod install' or update your CocoaPods installation.\" >&2\n    exit 1\nfi\n# This output is used by Xcode 'outputs' to avoid re-running this script phase.\necho \"SUCCESS\" > \"${SCRIPT_OUTPUT_FILE_0}\"\n";
			showEnvVarsInLog = 0;
		};
/* End PBXShellScriptBuildPhase section */

/* Begin PBXSourcesBuildPhase section */
		84C53FF5243E591700B73872 /* Sources */ = {
			isa = PBXSourcesBuildPhase;
			buildActionMask = 2147483647;
			files = (
				84C54001243E591700B73872 /* ViewController.swift in Sources */,
				84C53FFD243E591700B73872 /* AppDelegate.swift in Sources */,
				84C53FFF243E591700B73872 /* SceneDelegate.swift in Sources */,
			);
			runOnlyForDeploymentPostprocessing = 0;
		};
/* End PBXSourcesBuildPhase section */

/* Begin PBXVariantGroup section */
		84C54002243E591700B73872 /* Main.storyboard */ = {
			isa = PBXVariantGroup;
			children = (
				84C54003243E591700B73872 /* Base */,
			);
			name = Main.storyboard;
			sourceTree = "<group>";
		};
		84C54007243E591800B73872 /* LaunchScreen.storyboard */ = {
			isa = PBXVariantGroup;
			children = (
				84C54008243E591800B73872 /* Base */,
			);
			name = LaunchScreen.storyboard;
			sourceTree = "<group>";
		};
/* End PBXVariantGroup section */

/* Begin XCBuildConfiguration section */
		84C5400B243E591800B73872 /* Debug */ = {
			isa = XCBuildConfiguration;
			buildSettings = {
				ALWAYS_SEARCH_USER_PATHS = NO;
				CLANG_ANALYZER_NONNULL = YES;
				CLANG_ANALYZER_NUMBER_OBJECT_CONVERSION = YES_AGGRESSIVE;
				CLANG_CXX_LANGUAGE_STANDARD = "gnu++14";
				CLANG_CXX_LIBRARY = "libc++";
				CLANG_ENABLE_MODULES = YES;
				CLANG_ENABLE_OBJC_ARC = YES;
				CLANG_ENABLE_OBJC_WEAK = YES;
				CLANG_WARN_BLOCK_CAPTURE_AUTORELEASING = YES;
				CLANG_WARN_BOOL_CONVERSION = YES;
				CLANG_WARN_COMMA = YES;
				CLANG_WARN_CONSTANT_CONVERSION = YES;
				CLANG_WARN_DEPRECATED_OBJC_IMPLEMENTATIONS = YES;
				CLANG_WARN_DIRECT_OBJC_ISA_USAGE = YES_ERROR;
				CLANG_WARN_DOCUMENTATION_COMMENTS = YES;
				CLANG_WARN_EMPTY_BODY = YES;
				CLANG_WARN_ENUM_CONVERSION = YES;
				CLANG_WARN_INFINITE_RECURSION = YES;
				CLANG_WARN_INT_CONVERSION = YES;
				CLANG_WARN_NON_LITERAL_NULL_CONVERSION = YES;
				CLANG_WARN_OBJC_IMPLICIT_RETAIN_SELF = YES;
				CLANG_WARN_OBJC_LITERAL_CONVERSION = YES;
				CLANG_WARN_OBJC_ROOT_CLASS = YES_ERROR;
				CLANG_WARN_RANGE_LOOP_ANALYSIS = YES;
				CLANG_WARN_STRICT_PROTOTYPES = YES;
				CLANG_WARN_SUSPICIOUS_MOVE = YES;
				CLANG_WARN_UNGUARDED_AVAILABILITY = YES_AGGRESSIVE;
				CLANG_WARN_UNREACHABLE_CODE = YES;
				CLANG_WARN__DUPLICATE_METHOD_MATCH = YES;
				COPY_PHASE_STRIP = NO;
				DEBUG_INFORMATION_FORMAT = dwarf;
				ENABLE_STRICT_OBJC_MSGSEND = YES;
				ENABLE_TESTABILITY = YES;
				GCC_C_LANGUAGE_STANDARD = gnu11;
				GCC_DYNAMIC_NO_PIC = NO;
				GCC_NO_COMMON_BLOCKS = YES;
				GCC_OPTIMIZATION_LEVEL = 0;
				GCC_PREPROCESSOR_DEFINITIONS = (
					"DEBUG=1",
					"$(inherited)",
				);
				GCC_WARN_64_TO_32_BIT_CONVERSION = YES;
				GCC_WARN_ABOUT_RETURN_TYPE = YES_ERROR;
				GCC_WARN_UNDECLARED_SELECTOR = YES;
				GCC_WARN_UNINITIALIZED_AUTOS = YES_AGGRESSIVE;
				GCC_WARN_UNUSED_FUNCTION = YES;
				GCC_WARN_UNUSED_VARIABLE = YES;
				IPHONEOS_DEPLOYMENT_TARGET = 13.2;
				MTL_ENABLE_DEBUG_INFO = INCLUDE_SOURCE;
				MTL_FAST_MATH = YES;
				ONLY_ACTIVE_ARCH = YES;
				SDKROOT = iphoneos;
				SWIFT_ACTIVE_COMPILATION_CONDITIONS = DEBUG;
				SWIFT_OPTIMIZATION_LEVEL = "-Onone";
			};
			name = Debug;
		};
		84C5400C243E591800B73872 /* Release */ = {
			isa = XCBuildConfiguration;
			buildSettings = {
				ALWAYS_SEARCH_USER_PATHS = NO;
				CLANG_ANALYZER_NONNULL = YES;
				CLANG_ANALYZER_NUMBER_OBJECT_CONVERSION = YES_AGGRESSIVE;
				CLANG_CXX_LANGUAGE_STANDARD = "gnu++14";
				CLANG_CXX_LIBRARY = "libc++";
				CLANG_ENABLE_MODULES = YES;
				CLANG_ENABLE_OBJC_ARC = YES;
				CLANG_ENABLE_OBJC_WEAK = YES;
				CLANG_WARN_BLOCK_CAPTURE_AUTORELEASING = YES;
				CLANG_WARN_BOOL_CONVERSION = YES;
				CLANG_WARN_COMMA = YES;
				CLANG_WARN_CONSTANT_CONVERSION = YES;
				CLANG_WARN_DEPRECATED_OBJC_IMPLEMENTATIONS = YES;
				CLANG_WARN_DIRECT_OBJC_ISA_USAGE = YES_ERROR;
				CLANG_WARN_DOCUMENTATION_COMMENTS = YES;
				CLANG_WARN_EMPTY_BODY = YES;
				CLANG_WARN_ENUM_CONVERSION = YES;
				CLANG_WARN_INFINITE_RECURSION = YES;
				CLANG_WARN_INT_CONVERSION = YES;
				CLANG_WARN_NON_LITERAL_NULL_CONVERSION = YES;
				CLANG_WARN_OBJC_IMPLICIT_RETAIN_SELF = YES;
				CLANG_WARN_OBJC_LITERAL_CONVERSION = YES;
				CLANG_WARN_OBJC_ROOT_CLASS = YES_ERROR;
				CLANG_WARN_RANGE_LOOP_ANALYSIS = YES;
				CLANG_WARN_STRICT_PROTOTYPES = YES;
				CLANG_WARN_SUSPICIOUS_MOVE = YES;
				CLANG_WARN_UNGUARDED_AVAILABILITY = YES_AGGRESSIVE;
				CLANG_WARN_UNREACHABLE_CODE = YES;
				CLANG_WARN__DUPLICATE_METHOD_MATCH = YES;
				COPY_PHASE_STRIP = NO;
				DEBUG_INFORMATION_FORMAT = "dwarf-with-dsym";
				ENABLE_NS_ASSERTIONS = NO;
				ENABLE_STRICT_OBJC_MSGSEND = YES;
				GCC_C_LANGUAGE_STANDARD = gnu11;
				GCC_NO_COMMON_BLOCKS = YES;
				GCC_WARN_64_TO_32_BIT_CONVERSION = YES;
				GCC_WARN_ABOUT_RETURN_TYPE = YES_ERROR;
				GCC_WARN_UNDECLARED_SELECTOR = YES;
				GCC_WARN_UNINITIALIZED_AUTOS = YES_AGGRESSIVE;
				GCC_WARN_UNUSED_FUNCTION = YES;
				GCC_WARN_UNUSED_VARIABLE = YES;
				IPHONEOS_DEPLOYMENT_TARGET = 13.2;
				MTL_ENABLE_DEBUG_INFO = NO;
				MTL_FAST_MATH = YES;
				SDKROOT = iphoneos;
				SWIFT_COMPILATION_MODE = wholemodule;
				SWIFT_OPTIMIZATION_LEVEL = "-O";
				VALIDATE_PRODUCT = YES;
			};
			name = Release;
		};
		84C5400E243E591800B73872 /* Debug */ = {
			isa = XCBuildConfiguration;
			baseConfigurationReference = 8A372AC7C3D2908754CC4953 /* Pods-ActionsTest.debug.xcconfig */;
			buildSettings = {
				ASSETCATALOG_COMPILER_APPICON_NAME = AppIcon;
				CODE_SIGN_IDENTITY = "iPhone Distribution";
				CODE_SIGN_STYLE = Manual;
				DEVELOPMENT_TEAM = XTUSMJ8H4K;
				INFOPLIST_FILE = ActionsTest/Info.plist;
				LD_RUNPATH_SEARCH_PATHS = (
					"$(inherited)",
					"@executable_path/Frameworks",
				);
				MARKETING_VERSION = 1.1;
				PRODUCT_BUNDLE_IDENTIFIER = rocket.ActionsTest;
				PRODUCT_NAME = "$(TARGET_NAME)";
				PROVISIONING_PROFILE_SPECIFIER = "Actions Test Dist";
				SWIFT_VERSION = 5.0;
				TARGETED_DEVICE_FAMILY = "1,2";
			};
			name = Debug;
		};
		84C5400F243E591800B73872 /* Release */ = {
			isa = XCBuildConfiguration;
			baseConfigurationReference = 6D28AD60D350350DB901546B /* Pods-ActionsTest.release.xcconfig */;
			buildSettings = {
				ASSETCATALOG_COMPILER_APPICON_NAME = AppIcon;
				CODE_SIGN_IDENTITY = "iPhone Distribution";
				CODE_SIGN_STYLE = Manual;
				DEVELOPMENT_TEAM = XTUSMJ8H4K;
				INFOPLIST_FILE = ActionsTest/Info.plist;
				LD_RUNPATH_SEARCH_PATHS = (
					"$(inherited)",
					"@executable_path/Frameworks",
				);
				MARKETING_VERSION = 1.1;
				PRODUCT_BUNDLE_IDENTIFIER = rocket.ActionsTest;
				PRODUCT_NAME = "$(TARGET_NAME)";
				PROVISIONING_PROFILE_SPECIFIER = "Actions Test Dist";
				SWIFT_VERSION = 5.0;
				TARGETED_DEVICE_FAMILY = "1,2";
			};
			name = Release;
		};
/* End XCBuildConfiguration section */

/* Begin XCConfigurationList section */
		84C53FF4243E591700B73872 /* Build configuration list for PBXProject "ActionsTest" */ = {
			isa = XCConfigurationList;
			buildConfigurations = (
				84C5400B243E591800B73872 /* Debug */,
				84C5400C243E591800B73872 /* Release */,
			);
			defaultConfigurationIsVisible = 0;
			defaultConfigurationName = Release;
		};
		84C5400D243E591800B73872 /* Build configuration list for PBXNativeTarget "ActionsTest" */ = {
			isa = XCConfigurationList;
			buildConfigurations = (
				84C5400E243E591800B73872 /* Debug */,
				84C5400F243E591800B73872 /* Release */,
			);
			defaultConfigurationIsVisible = 0;
			defaultConfigurationName = Release;
		};
/* End XCConfigurationList section */
	};
	rootObject = 84C53FF1243E591700B73872 /* Project object */;
}
